
Microsoft Visual Studio Solution File, Format Version 12.00
# Visual Studio Version 17
VisualStudioVersion = 17.7.34221.43
MinimumVisualStudioVersion = 10.0.40219.1
Project("{FAE04EC0-301F-11D3-BF4B-00C04F79EFBC}") = "oyunkoleksiyonu", "oyunkoleksiyonu\oyunkoleksiyonu.csproj", "{B50F86D1-83D8-44AB-A41D-83446B0FE94D}"
EndProject
Global
	GlobalSection(SolutionConfigurationPlatforms) = preSolution
		Debug|Any CPU = Debug|Any CPU
		Release|Any CPU = Release|Any CPU
	EndGlobalSection
	GlobalSection(ProjectConfigurationPlatforms) = postSolution
		{B50F86D1-83D8-44AB-A41D-83446B0FE94D}.Debug|Any CPU.ActiveCfg = Debug|Any CPU
		{B50F86D1-83D8-44AB-A41D-83446B0FE94D}.Debug|Any CPU.Build.0 = Debug|Any CPU
		{B50F86D1-83D8-44AB-A41D-83446B0FE94D}.Release|Any CPU.ActiveCfg = Release|Any CPU
		{B50F86D1-83D8-44AB-A41D-83446B0FE94D}.Release|Any CPU.Build.0 = Release|Any CPU
	EndGlobalSection
	GlobalSection(SolutionProperties) = preSolution
		HideSolutionNode = FALSE
	EndGlobalSection
	GlobalSection(ExtensibilityGlobals) = postSolution
		SolutionGuid = {E47BC51E-0244-489D-860C-F595833130CF}
	EndGlobalSection
EndGlobal
